# generated by rye
# use `rye lock` or `rye sync` to update this lockfile
#
# last locked with the following flags:
#   pre: false
#   features: []
#   all-features: false
#   with-sources: false
#   generate-hashes: false
#   universal: false

-e file:.
appnope==0.1.4
    # via ipykernel
asttokens==2.4.1
    # via stack-data
certifi==2024.8.30
    # via requests
charset-normalizer==3.4.0
    # via requests
comm==0.2.2
    # via ipykernel
debugpy==1.8.7
    # via ipykernel
decorator==4.4.2
    # via ipython
deprecated==1.2.14
    # via xai-sdk
docstring-parser==0.16
    # via tyro
executing==2.1.0
    # via stack-data
grpcio==1.66.2
    # via xai-sdk
idna==3.10
    # via requests
ipykernel==6.29.5
ipython==8.28.0
    # via ipykernel
jedi==0.19.1
    # via ipython
jupyter-client==8.6.3
    # via ipykernel
jupyter-core==5.7.2
    # via ipykernel
    # via jupyter-client
markdown-it-py==3.0.0
    # via rich
matplotlib-inline==0.1.7
    # via ipykernel
    # via ipython
mdurl==0.1.2
    # via markdown-it-py
nest-asyncio==1.6.0
    # via ipykernel
packaging==24.1
    # via ipykernel
parameterized==0.9.0
    # via xai-sdk
parso==0.8.4
    # via jedi
pexpect==4.9.0
    # via ipython
platformdirs==4.3.6
    # via jupyter-core
prompt-toolkit==3.0.48
    # via ipython
protobuf==5.28.2
    # via xai-sdk
psutil==6.0.0
    # via ipykernel
ptyprocess==0.7.0
    # via pexpect
pure-eval==0.2.3
    # via stack-data
pygments==2.18.0
    # via ipython
    # via rich
python-dateutil==2.9.0.post0
    # via jupyter-client
pyzmq==26.2.0
    # via ipykernel
    # via jupyter-client
regex==2024.9.11
    # via tiktoken
requests==2.32.3
    # via tiktoken
rich==13.9.2
    # via tyro
ruff==0.6.9
shtab==1.7.1
    # via tyro
six==1.16.0
    # via asttokens
    # via python-dateutil
stack-data==0.6.3
    # via ipython
tiktoken==0.8.0
    # via xai-hackathon
tornado==6.4.1
    # via ipykernel
    # via jupyter-client
traitlets==5.14.3
    # via comm
    # via ipykernel
    # via ipython
    # via jupyter-client
    # via jupyter-core
    # via matplotlib-inline
typing-extensions==4.12.2
    # via tyro
tyro==0.8.12
    # via xai-hackathon
urllib3==2.2.3
    # via requests
wcwidth==0.2.13
    # via prompt-toolkit
wrapt==1.16.0
    # via deprecated
xai-sdk==0.3.0
    # via xai-hackathon
