# generated by rye
# use `rye lock` or `rye sync` to update this lockfile
#
# last locked with the following flags:
#   pre: false
#   features: []
#   all-features: false
#   with-sources: false
#   generate-hashes: false
#   universal: false

-e file:.
certifi==2024.8.30
    # via requests
charset-normalizer==3.4.0
    # via requests
deprecated==1.2.14
    # via xai-sdk
docstring-parser==0.16
    # via tyro
grpcio==1.66.2
    # via xai-sdk
idna==3.10
    # via requests
markdown-it-py==3.0.0
    # via rich
mdurl==0.1.2
    # via markdown-it-py
parameterized==0.9.0
    # via xai-sdk
protobuf==5.28.2
    # via xai-sdk
pygments==2.18.0
    # via rich
regex==2024.9.11
    # via tiktoken
requests==2.32.3
    # via tiktoken
rich==13.9.2
    # via tyro
shtab==1.7.1
    # via tyro
tiktoken==0.8.0
    # via xai-hackathon
typing-extensions==4.12.2
    # via tyro
tyro==0.8.12
    # via xai-hackathon
urllib3==2.2.3
    # via requests
wrapt==1.16.0
    # via deprecated
xai-sdk==0.3.0
    # via xai-hackathon
